
Microsoft Visual Studio Solution File, Format Version 12.00
# Visual Studio Version 17
VisualStudioVersion = 17.1.32328.378
MinimumVisualStudioVersion = 10.0.40219.1
Project("{9A19103F-16F7-4668-BE54-9A1E7A4F7556}") = "Application", "Application\Application.csproj", "{D99582AF-9540-4F08-A281-C73CE0159391}"
EndProject
Project("{9A19103F-16F7-4668-BE54-9A1E7A4F7556}") = "ConsoleApp", "ConsoleApp\ConsoleApp.csproj", "{D1C58E99-D33E-4F7D-B0D0-EB85F9E37F9A}"
EndProject
Project("{FAE04EC0-301F-11D3-BF4B-00C04F79EFBC}") = "Application.UnitTests", "..\tests\Application.UnitTests\Application.UnitTests.csproj", "{3889B3D5-1F0C-4633-A26C-23F2BDE0A2E1}"
EndProject
Project("{2150E333-8FDC-42A3-9474-1A3956D46DE8}") = "src", "src", "{DBA58AB1-0049-4AF2-A215-8EB78266F7E1}"
EndProject
Project("{2150E333-8FDC-42A3-9474-1A3956D46DE8}") = "tests", "tests", "{9D04822B-7924-4417-A5DE-42A15A485FCB}"
EndProject
Global
	GlobalSection(SolutionConfigurationPlatforms) = preSolution
		Debug|Any CPU = Debug|Any CPU
		Release|Any CPU = Release|Any CPU
	EndGlobalSection
	GlobalSection(ProjectConfigurationPlatforms) = postSolution
		{D99582AF-9540-4F08-A281-C73CE0159391}.Debug|Any CPU.ActiveCfg = Debug|Any CPU
		{D99582AF-9540-4F08-A281-C73CE0159391}.Debug|Any CPU.Build.0 = Debug|Any CPU
		{D99582AF-9540-4F08-A281-C73CE0159391}.Release|Any CPU.ActiveCfg = Release|Any CPU
		{D99582AF-9540-4F08-A281-C73CE0159391}.Release|Any CPU.Build.0 = Release|Any CPU
		{D1C58E99-D33E-4F7D-B0D0-EB85F9E37F9A}.Debug|Any CPU.ActiveCfg = Debug|Any CPU
		{D1C58E99-D33E-4F7D-B0D0-EB85F9E37F9A}.Debug|Any CPU.Build.0 = Debug|Any CPU
		{D1C58E99-D33E-4F7D-B0D0-EB85F9E37F9A}.Release|Any CPU.ActiveCfg = Release|Any CPU
		{D1C58E99-D33E-4F7D-B0D0-EB85F9E37F9A}.Release|Any CPU.Build.0 = Release|Any CPU
		{3889B3D5-1F0C-4633-A26C-23F2BDE0A2E1}.Debug|Any CPU.ActiveCfg = Debug|Any CPU
		{3889B3D5-1F0C-4633-A26C-23F2BDE0A2E1}.Debug|Any CPU.Build.0 = Debug|Any CPU
		{3889B3D5-1F0C-4633-A26C-23F2BDE0A2E1}.Release|Any CPU.ActiveCfg = Release|Any CPU
		{3889B3D5-1F0C-4633-A26C-23F2BDE0A2E1}.Release|Any CPU.Build.0 = Release|Any CPU
	EndGlobalSection
	GlobalSection(SolutionProperties) = preSolution
		HideSolutionNode = FALSE
	EndGlobalSection
	GlobalSection(NestedProjects) = preSolution
		{D99582AF-9540-4F08-A281-C73CE0159391} = {DBA58AB1-0049-4AF2-A215-8EB78266F7E1}
		{D1C58E99-D33E-4F7D-B0D0-EB85F9E37F9A} = {DBA58AB1-0049-4AF2-A215-8EB78266F7E1}
		{3889B3D5-1F0C-4633-A26C-23F2BDE0A2E1} = {9D04822B-7924-4417-A5DE-42A15A485FCB}
	EndGlobalSection
	GlobalSection(ExtensibilityGlobals) = postSolution
		SolutionGuid = {E4DE693F-9729-45E8-9C9B-FB342D0784E5}
	EndGlobalSection
EndGlobal
